
Microsoft Visual Studio Solution File, Format Version 12.00
# Visual Studio Version 16
VisualStudioVersion = 16.0.30907.101
MinimumVisualStudioVersion = 10.0.40219.1
Project("{888888A0-9F3D-457C-B088-3A5042F75D52}") = "GrazeroItemFinder", "GrazeroItemFinder\GrazeroItemFinder.pyproj", "{5B342619-6679-4074-ACA5-A8B46012A82B}"
EndProject
Global
	GlobalSection(SolutionConfigurationPlatforms) = preSolution
		Debug|Any CPU = Debug|Any CPU
		Release|Any CPU = Release|Any CPU
	EndGlobalSection
	GlobalSection(ProjectConfigurationPlatforms) = postSolution
		{5B342619-6679-4074-ACA5-A8B46012A82B}.Debug|Any CPU.ActiveCfg = Debug|Any CPU
		{5B342619-6679-4074-ACA5-A8B46012A82B}.Debug|Any CPU.Build.0 = Debug|Any CPU
		{5B342619-6679-4074-ACA5-A8B46012A82B}.Release|Any CPU.ActiveCfg = Release|Any CPU
		{5B342619-6679-4074-ACA5-A8B46012A82B}.Release|Any CPU.Build.0 = Release|Any CPU
	EndGlobalSection
	GlobalSection(SolutionProperties) = preSolution
		HideSolutionNode = FALSE
	EndGlobalSection
	GlobalSection(ExtensibilityGlobals) = postSolution
		SolutionGuid = {4AB04930-098E-40E3-99D3-F8E68CD7A1F9}
	EndGlobalSection
EndGlobal
